// !$*UTF8*$!
{
	archiveVersion = 1;
	classes = {
	};
	objectVersion = 56;
	objects = {

/* Begin PBXBuildFile section */
		287A95EA2975C95500FEAA9A /* AppDelegate.swift in Sources */ = {isa = PBXBuildFile; fileRef = 287A95E92975C95500FEAA9A /* AppDelegate.swift */; };
		287A95EC2975C95500FEAA9A /* SceneDelegate.swift in Sources */ = {isa = PBXBuildFile; fileRef = 287A95EB2975C95500FEAA9A /* SceneDelegate.swift */; };
		287A95F12975C95500FEAA9A /* Main.storyboard in Resources */ = {isa = PBXBuildFile; fileRef = 287A95EF2975C95500FEAA9A /* Main.storyboard */; };
		287A95F32975C95A00FEAA9A /* Assets.xcassets in Resources */ = {isa = PBXBuildFile; fileRef = 287A95F22975C95A00FEAA9A /* Assets.xcassets */; };
		287A95F62975C95A00FEAA9A /* LaunchScreen.storyboard in Resources */ = {isa = PBXBuildFile; fileRef = 287A95F42975C95A00FEAA9A /* LaunchScreen.storyboard */; };
		287A96052976ABD500FEAA9A /* Services.swift in Sources */ = {isa = PBXBuildFile; fileRef = 287A96042976ABD500FEAA9A /* Services.swift */; };
		287A96072976ABDF00FEAA9A /* Models.swift in Sources */ = {isa = PBXBuildFile; fileRef = 287A96062976ABDF00FEAA9A /* Models.swift */; };
		287A96092976ABE900FEAA9A /* Views.swift in Sources */ = {isa = PBXBuildFile; fileRef = 287A96082976ABE900FEAA9A /* Views.swift */; };
		287A960F2976EDF900FEAA9A /* TabBarController.swift in Sources */ = {isa = PBXBuildFile; fileRef = 287A960E2976EDF900FEAA9A /* TabBarController.swift */; };
		287A96112976F02E00FEAA9A /* MainScreenStoryboard.storyboard in Resources */ = {isa = PBXBuildFile; fileRef = 287A96102976F02E00FEAA9A /* MainScreenStoryboard.storyboard */; };
		287A96132976F0F800FEAA9A /* CartStoryboard.storyboard in Resources */ = {isa = PBXBuildFile; fileRef = 287A96122976F0F800FEAA9A /* CartStoryboard.storyboard */; };
		287A96152976F12D00FEAA9A /* AccountStoryboard.storyboard in Resources */ = {isa = PBXBuildFile; fileRef = 287A96142976F12D00FEAA9A /* AccountStoryboard.storyboard */; };
		287A96172976F15300FEAA9A /* AboutUsStoryboard.storyboard in Resources */ = {isa = PBXBuildFile; fileRef = 287A96162976F15300FEAA9A /* AboutUsStoryboard.storyboard */; };
/* End PBXBuildFile section */

/* Begin PBXFileReference section */
		287A95E62975C95500FEAA9A /* MarketPlaceTeamProject.app */ = {isa = PBXFileReference; explicitFileType = wrapper.application; includeInIndex = 0; path = MarketPlaceTeamProject.app; sourceTree = BUILT_PRODUCTS_DIR; };
		287A95E92975C95500FEAA9A /* AppDelegate.swift */ = {isa = PBXFileReference; lastKnownFileType = sourcecode.swift; path = AppDelegate.swift; sourceTree = "<group>"; };
		287A95EB2975C95500FEAA9A /* SceneDelegate.swift */ = {isa = PBXFileReference; lastKnownFileType = sourcecode.swift; path = SceneDelegate.swift; sourceTree = "<group>"; };
		287A95F02975C95500FEAA9A /* Base */ = {isa = PBXFileReference; lastKnownFileType = file.storyboard; name = Base; path = Base.lproj/Main.storyboard; sourceTree = "<group>"; };
		287A95F22975C95A00FEAA9A /* Assets.xcassets */ = {isa = PBXFileReference; lastKnownFileType = folder.assetcatalog; path = Assets.xcassets; sourceTree = "<group>"; };
		287A95F52975C95A00FEAA9A /* Base */ = {isa = PBXFileReference; lastKnownFileType = file.storyboard; name = Base; path = Base.lproj/LaunchScreen.storyboard; sourceTree = "<group>"; };
		287A95F72975C95A00FEAA9A /* Info.plist */ = {isa = PBXFileReference; lastKnownFileType = text.plist.xml; path = Info.plist; sourceTree = "<group>"; };
		287A96042976ABD500FEAA9A /* Services.swift */ = {isa = PBXFileReference; lastKnownFileType = sourcecode.swift; path = Services.swift; sourceTree = "<group>"; };
		287A96062976ABDF00FEAA9A /* Models.swift */ = {isa = PBXFileReference; lastKnownFileType = sourcecode.swift; path = Models.swift; sourceTree = "<group>"; };
		287A96082976ABE900FEAA9A /* Views.swift */ = {isa = PBXFileReference; lastKnownFileType = sourcecode.swift; path = Views.swift; sourceTree = "<group>"; };
		287A960E2976EDF900FEAA9A /* TabBarController.swift */ = {isa = PBXFileReference; lastKnownFileType = sourcecode.swift; path = TabBarController.swift; sourceTree = "<group>"; };
		287A96102976F02E00FEAA9A /* MainScreenStoryboard.storyboard */ = {isa = PBXFileReference; lastKnownFileType = file.storyboard; path = MainScreenStoryboard.storyboard; sourceTree = "<group>"; };
		287A96122976F0F800FEAA9A /* CartStoryboard.storyboard */ = {isa = PBXFileReference; lastKnownFileType = file.storyboard; path = CartStoryboard.storyboard; sourceTree = "<group>"; };
		287A96142976F12D00FEAA9A /* AccountStoryboard.storyboard */ = {isa = PBXFileReference; lastKnownFileType = file.storyboard; path = AccountStoryboard.storyboard; sourceTree = "<group>"; };
		287A96162976F15300FEAA9A /* AboutUsStoryboard.storyboard */ = {isa = PBXFileReference; lastKnownFileType = file.storyboard; path = AboutUsStoryboard.storyboard; sourceTree = "<group>"; };
/* End PBXFileReference section */

/* Begin PBXFrameworksBuildPhase section */
		287A95E32975C95500FEAA9A /* Frameworks */ = {
			isa = PBXFrameworksBuildPhase;
			buildActionMask = 2147483647;
			files = (
			);
			runOnlyForDeploymentPostprocessing = 0;
		};
/* End PBXFrameworksBuildPhase section */

/* Begin PBXGroup section */
		287A95DD2975C95500FEAA9A = {
			isa = PBXGroup;
			children = (
				287A95E82975C95500FEAA9A /* MarketPlaceTeamProject */,
				287A95E72975C95500FEAA9A /* Products */,
			);
			sourceTree = "<group>";
		};
		287A95E72975C95500FEAA9A /* Products */ = {
			isa = PBXGroup;
			children = (
				287A95E62975C95500FEAA9A /* MarketPlaceTeamProject.app */,
			);
			name = Products;
			sourceTree = "<group>";
		};
		287A95E82975C95500FEAA9A /* MarketPlaceTeamProject */ = {
			isa = PBXGroup;
			children = (
				287A96022976A3C400FEAA9A /* ViewControllers */,
				287A96012976A3BF00FEAA9A /* Views */,
				287A96002976A3B800FEAA9A /* Models */,
				287A96032976A3D500FEAA9A /* Services */,
				287A95FE2976A39C00FEAA9A /* Storyboards */,
				287A95FD2976A38100FEAA9A /* App */,
				287A95FF2976A3B000FEAA9A /* Resources */,
			);
			path = MarketPlaceTeamProject;
			sourceTree = "<group>";
		};
		287A95FD2976A38100FEAA9A /* App */ = {
			isa = PBXGroup;
			children = (
				287A95E92975C95500FEAA9A /* AppDelegate.swift */,
				287A95EB2975C95500FEAA9A /* SceneDelegate.swift */,
				287A95F72975C95A00FEAA9A /* Info.plist */,
			);
			path = App;
			sourceTree = "<group>";
		};
		287A95FE2976A39C00FEAA9A /* Storyboards */ = {
			isa = PBXGroup;
			children = (
				287A95EF2975C95500FEAA9A /* Main.storyboard */,
				287A95F42975C95A00FEAA9A /* LaunchScreen.storyboard */,
				287A96102976F02E00FEAA9A /* MainScreenStoryboard.storyboard */,
				287A96122976F0F800FEAA9A /* CartStoryboard.storyboard */,
				287A96142976F12D00FEAA9A /* AccountStoryboard.storyboard */,
				287A96162976F15300FEAA9A /* AboutUsStoryboard.storyboard */,
			);
			path = Storyboards;
			sourceTree = "<group>";
		};
		287A95FF2976A3B000FEAA9A /* Resources */ = {
			isa = PBXGroup;
			children = (
				287A95F22975C95A00FEAA9A /* Assets.xcassets */,
			);
			path = Resources;
			sourceTree = "<group>";
		};
		287A96002976A3B800FEAA9A /* Models */ = {
			isa = PBXGroup;
			children = (
				287A96062976ABDF00FEAA9A /* Models.swift */,
			);
			path = Models;
			sourceTree = "<group>";
		};
		287A96012976A3BF00FEAA9A /* Views */ = {
			isa = PBXGroup;
			children = (
				287A96082976ABE900FEAA9A /* Views.swift */,
			);
			path = Views;
			sourceTree = "<group>";
		};
		287A96022976A3C400FEAA9A /* ViewControllers */ = {
			isa = PBXGroup;
			children = (
				287A960E2976EDF900FEAA9A /* TabBarController.swift */,
			);
			path = ViewControllers;
			sourceTree = "<group>";
		};
		287A96032976A3D500FEAA9A /* Services */ = {
			isa = PBXGroup;
			children = (
				287A96042976ABD500FEAA9A /* Services.swift */,
			);
			path = Services;
			sourceTree = "<group>";
		};
/* End PBXGroup section */

/* Begin PBXNativeTarget section */
		287A95E52975C95500FEAA9A /* MarketPlaceTeamProject */ = {
			isa = PBXNativeTarget;
			buildConfigurationList = 287A95FA2975C95A00FEAA9A /* Build configuration list for PBXNativeTarget "MarketPlaceTeamProject" */;
			buildPhases = (
				287A95E22975C95500FEAA9A /* Sources */,
				287A95E32975C95500FEAA9A /* Frameworks */,
				287A95E42975C95500FEAA9A /* Resources */,
			);
			buildRules = (
			);
			dependencies = (
			);
			name = MarketPlaceTeamProject;
			productName = MarketPlaceTeamProject;
			productReference = 287A95E62975C95500FEAA9A /* MarketPlaceTeamProject.app */;
			productType = "com.apple.product-type.application";
		};
/* End PBXNativeTarget section */

/* Begin PBXProject section */
		287A95DE2975C95500FEAA9A /* Project object */ = {
			isa = PBXProject;
			attributes = {
				BuildIndependentTargetsInParallel = 1;
				LastSwiftUpdateCheck = 1420;
				LastUpgradeCheck = 1420;
				TargetAttributes = {
					287A95E52975C95500FEAA9A = {
						CreatedOnToolsVersion = 14.2;
					};
				};
			};
			buildConfigurationList = 287A95E12975C95500FEAA9A /* Build configuration list for PBXProject "MarketPlaceTeamProject" */;
			compatibilityVersion = "Xcode 14.0";
			developmentRegion = en;
			hasScannedForEncodings = 0;
			knownRegions = (
				en,
				Base,
			);
			mainGroup = 287A95DD2975C95500FEAA9A;
			productRefGroup = 287A95E72975C95500FEAA9A /* Products */;
			projectDirPath = "";
			projectRoot = "";
			targets = (
				287A95E52975C95500FEAA9A /* MarketPlaceTeamProject */,
			);
		};
/* End PBXProject section */

/* Begin PBXResourcesBuildPhase section */
		287A95E42975C95500FEAA9A /* Resources */ = {
			isa = PBXResourcesBuildPhase;
			buildActionMask = 2147483647;
			files = (
				287A96112976F02E00FEAA9A /* MainScreenStoryboard.storyboard in Resources */,
				287A95F62975C95A00FEAA9A /* LaunchScreen.storyboard in Resources */,
				287A96132976F0F800FEAA9A /* CartStoryboard.storyboard in Resources */,
				287A96172976F15300FEAA9A /* AboutUsStoryboard.storyboard in Resources */,
				287A96152976F12D00FEAA9A /* AccountStoryboard.storyboard in Resources */,
				287A95F32975C95A00FEAA9A /* Assets.xcassets in Resources */,
				287A95F12975C95500FEAA9A /* Main.storyboard in Resources */,
			);
			runOnlyForDeploymentPostprocessing = 0;
		};
/* End PBXResourcesBuildPhase section */

/* Begin PBXSourcesBuildPhase section */
		287A95E22975C95500FEAA9A /* Sources */ = {
			isa = PBXSourcesBuildPhase;
			buildActionMask = 2147483647;
			files = (
				287A95EA2975C95500FEAA9A /* AppDelegate.swift in Sources */,
				287A96052976ABD500FEAA9A /* Services.swift in Sources */,
				287A95EC2975C95500FEAA9A /* SceneDelegate.swift in Sources */,
				287A960F2976EDF900FEAA9A /* TabBarController.swift in Sources */,
				287A96092976ABE900FEAA9A /* Views.swift in Sources */,
				287A96072976ABDF00FEAA9A /* Models.swift in Sources */,
			);
			runOnlyForDeploymentPostprocessing = 0;
		};
/* End PBXSourcesBuildPhase section */

/* Begin PBXVariantGroup section */
		287A95EF2975C95500FEAA9A /* Main.storyboard */ = {
			isa = PBXVariantGroup;
			children = (
				287A95F02975C95500FEAA9A /* Base */,
			);
			name = Main.storyboard;
			sourceTree = "<group>";
		};
		287A95F42975C95A00FEAA9A /* LaunchScreen.storyboard */ = {
			isa = PBXVariantGroup;
			children = (
				287A95F52975C95A00FEAA9A /* Base */,
			);
			name = LaunchScreen.storyboard;
			sourceTree = "<group>";
		};
/* End PBXVariantGroup section */

/* Begin XCBuildConfiguration section */
		287A95F82975C95A00FEAA9A /* Debug */ = {
			isa = XCBuildConfiguration;
			buildSettings = {
				ALWAYS_SEARCH_USER_PATHS = NO;
				CLANG_ANALYZER_NONNULL = YES;
				CLANG_ANALYZER_NUMBER_OBJECT_CONVERSION = YES_AGGRESSIVE;
				CLANG_CXX_LANGUAGE_STANDARD = "gnu++20";
				CLANG_ENABLE_MODULES = YES;
				CLANG_ENABLE_OBJC_ARC = YES;
				CLANG_ENABLE_OBJC_WEAK = YES;
				CLANG_WARN_BLOCK_CAPTURE_AUTORELEASING = YES;
				CLANG_WARN_BOOL_CONVERSION = YES;
				CLANG_WARN_COMMA = YES;
				CLANG_WARN_CONSTANT_CONVERSION = YES;
				CLANG_WARN_DEPRECATED_OBJC_IMPLEMENTATIONS = YES;
				CLANG_WARN_DIRECT_OBJC_ISA_USAGE = YES_ERROR;
				CLANG_WARN_DOCUMENTATION_COMMENTS = YES;
				CLANG_WARN_EMPTY_BODY = YES;
				CLANG_WARN_ENUM_CONVERSION = YES;
				CLANG_WARN_INFINITE_RECURSION = YES;
				CLANG_WARN_INT_CONVERSION = YES;
				CLANG_WARN_NON_LITERAL_NULL_CONVERSION = YES;
				CLANG_WARN_OBJC_IMPLICIT_RETAIN_SELF = YES;
				CLANG_WARN_OBJC_LITERAL_CONVERSION = YES;
				CLANG_WARN_OBJC_ROOT_CLASS = YES_ERROR;
				CLANG_WARN_QUOTED_INCLUDE_IN_FRAMEWORK_HEADER = YES;
				CLANG_WARN_RANGE_LOOP_ANALYSIS = YES;
				CLANG_WARN_STRICT_PROTOTYPES = YES;
				CLANG_WARN_SUSPICIOUS_MOVE = YES;
				CLANG_WARN_UNGUARDED_AVAILABILITY = YES_AGGRESSIVE;
				CLANG_WARN_UNREACHABLE_CODE = YES;
				CLANG_WARN__DUPLICATE_METHOD_MATCH = YES;
				COPY_PHASE_STRIP = NO;
				DEBUG_INFORMATION_FORMAT = dwarf;
				ENABLE_STRICT_OBJC_MSGSEND = YES;
				ENABLE_TESTABILITY = YES;
				GCC_C_LANGUAGE_STANDARD = gnu11;
				GCC_DYNAMIC_NO_PIC = NO;
				GCC_NO_COMMON_BLOCKS = YES;
				GCC_OPTIMIZATION_LEVEL = 0;
				GCC_PREPROCESSOR_DEFINITIONS = (
					"DEBUG=1",
					"$(inherited)",
				);
				GCC_WARN_64_TO_32_BIT_CONVERSION = YES;
				GCC_WARN_ABOUT_RETURN_TYPE = YES_ERROR;
				GCC_WARN_UNDECLARED_SELECTOR = YES;
				GCC_WARN_UNINITIALIZED_AUTOS = YES_AGGRESSIVE;
				GCC_WARN_UNUSED_FUNCTION = YES;
				GCC_WARN_UNUSED_VARIABLE = YES;
				IPHONEOS_DEPLOYMENT_TARGET = 16.2;
				MTL_ENABLE_DEBUG_INFO = INCLUDE_SOURCE;
				MTL_FAST_MATH = YES;
				ONLY_ACTIVE_ARCH = YES;
				SDKROOT = iphoneos;
				SWIFT_ACTIVE_COMPILATION_CONDITIONS = DEBUG;
				SWIFT_OPTIMIZATION_LEVEL = "-Onone";
			};
			name = Debug;
		};
		287A95F92975C95A00FEAA9A /* Release */ = {
			isa = XCBuildConfiguration;
			buildSettings = {
				ALWAYS_SEARCH_USER_PATHS = NO;
				CLANG_ANALYZER_NONNULL = YES;
				CLANG_ANALYZER_NUMBER_OBJECT_CONVERSION = YES_AGGRESSIVE;
				CLANG_CXX_LANGUAGE_STANDARD = "gnu++20";
				CLANG_ENABLE_MODULES = YES;
				CLANG_ENABLE_OBJC_ARC = YES;
				CLANG_ENABLE_OBJC_WEAK = YES;
				CLANG_WARN_BLOCK_CAPTURE_AUTORELEASING = YES;
				CLANG_WARN_BOOL_CONVERSION = YES;
				CLANG_WARN_COMMA = YES;
				CLANG_WARN_CONSTANT_CONVERSION = YES;
				CLANG_WARN_DEPRECATED_OBJC_IMPLEMENTATIONS = YES;
				CLANG_WARN_DIRECT_OBJC_ISA_USAGE = YES_ERROR;
				CLANG_WARN_DOCUMENTATION_COMMENTS = YES;
				CLANG_WARN_EMPTY_BODY = YES;
				CLANG_WARN_ENUM_CONVERSION = YES;
				CLANG_WARN_INFINITE_RECURSION = YES;
				CLANG_WARN_INT_CONVERSION = YES;
				CLANG_WARN_NON_LITERAL_NULL_CONVERSION = YES;
				CLANG_WARN_OBJC_IMPLICIT_RETAIN_SELF = YES;
				CLANG_WARN_OBJC_LITERAL_CONVERSION = YES;
				CLANG_WARN_OBJC_ROOT_CLASS = YES_ERROR;
				CLANG_WARN_QUOTED_INCLUDE_IN_FRAMEWORK_HEADER = YES;
				CLANG_WARN_RANGE_LOOP_ANALYSIS = YES;
				CLANG_WARN_STRICT_PROTOTYPES = YES;
				CLANG_WARN_SUSPICIOUS_MOVE = YES;
				CLANG_WARN_UNGUARDED_AVAILABILITY = YES_AGGRESSIVE;
				CLANG_WARN_UNREACHABLE_CODE = YES;
				CLANG_WARN__DUPLICATE_METHOD_MATCH = YES;
				COPY_PHASE_STRIP = NO;
				DEBUG_INFORMATION_FORMAT = "dwarf-with-dsym";
				ENABLE_NS_ASSERTIONS = NO;
				ENABLE_STRICT_OBJC_MSGSEND = YES;
				GCC_C_LANGUAGE_STANDARD = gnu11;
				GCC_NO_COMMON_BLOCKS = YES;
				GCC_WARN_64_TO_32_BIT_CONVERSION = YES;
				GCC_WARN_ABOUT_RETURN_TYPE = YES_ERROR;
				GCC_WARN_UNDECLARED_SELECTOR = YES;
				GCC_WARN_UNINITIALIZED_AUTOS = YES_AGGRESSIVE;
				GCC_WARN_UNUSED_FUNCTION = YES;
				GCC_WARN_UNUSED_VARIABLE = YES;
				IPHONEOS_DEPLOYMENT_TARGET = 16.2;
				MTL_ENABLE_DEBUG_INFO = NO;
				MTL_FAST_MATH = YES;
				SDKROOT = iphoneos;
				SWIFT_COMPILATION_MODE = wholemodule;
				SWIFT_OPTIMIZATION_LEVEL = "-O";
				VALIDATE_PRODUCT = YES;
			};
			name = Release;
		};
		287A95FB2975C95A00FEAA9A /* Debug */ = {
			isa = XCBuildConfiguration;
			buildSettings = {
				ASSETCATALOG_COMPILER_APPICON_NAME = AppIcon;
				ASSETCATALOG_COMPILER_GLOBAL_ACCENT_COLOR_NAME = AccentColor;
				CODE_SIGN_STYLE = Automatic;
				CURRENT_PROJECT_VERSION = 1;
				DEVELOPMENT_TEAM = Z767NVP4CG;
				GENERATE_INFOPLIST_FILE = YES;
				INFOPLIST_FILE = MarketPlaceTeamProject/App/Info.plist;
				INFOPLIST_KEY_UIApplicationSupportsIndirectInputEvents = YES;
				INFOPLIST_KEY_UILaunchStoryboardName = LaunchScreen;
				INFOPLIST_KEY_UIMainStoryboardFile = Main;
				INFOPLIST_KEY_UISupportedInterfaceOrientations = UIInterfaceOrientationPortrait;
				INFOPLIST_KEY_UISupportedInterfaceOrientations_iPad = "UIInterfaceOrientationLandscapeLeft UIInterfaceOrientationLandscapeRight UIInterfaceOrientationPortrait UIInterfaceOrientationPortraitUpsideDown";
				LD_RUNPATH_SEARCH_PATHS = (
					"$(inherited)",
					"@executable_path/Frameworks",
				);
				MARKETING_VERSION = 1.0;
				PRODUCT_BUNDLE_IDENTIFIER = denisvasilev.MarketPlaceTeamProject;
				PRODUCT_NAME = "$(TARGET_NAME)";
				SUPPORTED_PLATFORMS = "iphoneos iphonesimulator";
				SUPPORTS_MACCATALYST = NO;
				SUPPORTS_MAC_DESIGNED_FOR_IPHONE_IPAD = NO;
				SWIFT_EMIT_LOC_STRINGS = YES;
				SWIFT_VERSION = 5.0;
				TARGETED_DEVICE_FAMILY = 1;
			};
			name = Debug;
		};
		287A95FC2975C95A00FEAA9A /* Release */ = {
			isa = XCBuildConfiguration;
			buildSettings = {
				ASSETCATALOG_COMPILER_APPICON_NAME = AppIcon;
				ASSETCATALOG_COMPILER_GLOBAL_ACCENT_COLOR_NAME = AccentColor;
				CODE_SIGN_STYLE = Automatic;
				CURRENT_PROJECT_VERSION = 1;
				DEVELOPMENT_TEAM = Z767NVP4CG;
				GENERATE_INFOPLIST_FILE = YES;
				INFOPLIST_FILE = MarketPlaceTeamProject/App/Info.plist;
				INFOPLIST_KEY_UIApplicationSupportsIndirectInputEvents = YES;
				INFOPLIST_KEY_UILaunchStoryboardName = LaunchScreen;
				INFOPLIST_KEY_UIMainStoryboardFile = Main;
				INFOPLIST_KEY_UISupportedInterfaceOrientations = UIInterfaceOrientationPortrait;
				INFOPLIST_KEY_UISupportedInterfaceOrientations_iPad = "UIInterfaceOrientationLandscapeLeft UIInterfaceOrientationLandscapeRight UIInterfaceOrientationPortrait UIInterfaceOrientationPortraitUpsideDown";
				LD_RUNPATH_SEARCH_PATHS = (
					"$(inherited)",
					"@executable_path/Frameworks",
				);
				MARKETING_VERSION = 1.0;
				PRODUCT_BUNDLE_IDENTIFIER = denisvasilev.MarketPlaceTeamProject;
				PRODUCT_NAME = "$(TARGET_NAME)";
				SUPPORTED_PLATFORMS = "iphoneos iphonesimulator";
				SUPPORTS_MACCATALYST = NO;
				SUPPORTS_MAC_DESIGNED_FOR_IPHONE_IPAD = NO;
				SWIFT_EMIT_LOC_STRINGS = YES;
				SWIFT_VERSION = 5.0;
				TARGETED_DEVICE_FAMILY = 1;
			};
			name = Release;
		};
/* End XCBuildConfiguration section */

/* Begin XCConfigurationList section */
		287A95E12975C95500FEAA9A /* Build configuration list for PBXProject "MarketPlaceTeamProject" */ = {
			isa = XCConfigurationList;
			buildConfigurations = (
				287A95F82975C95A00FEAA9A /* Debug */,
				287A95F92975C95A00FEAA9A /* Release */,
			);
			defaultConfigurationIsVisible = 0;
			defaultConfigurationName = Release;
		};
		287A95FA2975C95A00FEAA9A /* Build configuration list for PBXNativeTarget "MarketPlaceTeamProject" */ = {
			isa = XCConfigurationList;
			buildConfigurations = (
				287A95FB2975C95A00FEAA9A /* Debug */,
				287A95FC2975C95A00FEAA9A /* Release */,
			);
			defaultConfigurationIsVisible = 0;
			defaultConfigurationName = Release;
		};
/* End XCConfigurationList section */
	};
	rootObject = 287A95DE2975C95500FEAA9A /* Project object */;
}
